
Microsoft Visual Studio Solution File, Format Version 12.00
# Visual Studio Version 16
VisualStudioVersion = 16.0.30517.126
MinimumVisualStudioVersion = 10.0.40219.1
Project("{FAE04EC0-301F-11D3-BF4B-00C04F79EFBC}") = "Searching", "Searching\Searching.csproj", "{BC2E8FEB-5AAD-459C-93C0-64B951373470}"
EndProject
Project("{FAE04EC0-301F-11D3-BF4B-00C04F79EFBC}") = "Searching.Test", "Searching.Test\Searching.Test.csproj", "{B0CC5185-4E6C-448B-BB18-759617FB724A}"
EndProject
Global
	GlobalSection(SolutionConfigurationPlatforms) = preSolution
		Debug|Any CPU = Debug|Any CPU
		Release|Any CPU = Release|Any CPU
	EndGlobalSection
	GlobalSection(ProjectConfigurationPlatforms) = postSolution
		{BC2E8FEB-5AAD-459C-93C0-64B951373470}.Debug|Any CPU.ActiveCfg = Debug|Any CPU
		{BC2E8FEB-5AAD-459C-93C0-64B951373470}.Debug|Any CPU.Build.0 = Debug|Any CPU
		{BC2E8FEB-5AAD-459C-93C0-64B951373470}.Release|Any CPU.ActiveCfg = Release|Any CPU
		{BC2E8FEB-5AAD-459C-93C0-64B951373470}.Release|Any CPU.Build.0 = Release|Any CPU
		{B0CC5185-4E6C-448B-BB18-759617FB724A}.Debug|Any CPU.ActiveCfg = Debug|Any CPU
		{B0CC5185-4E6C-448B-BB18-759617FB724A}.Debug|Any CPU.Build.0 = Debug|Any CPU
		{B0CC5185-4E6C-448B-BB18-759617FB724A}.Release|Any CPU.ActiveCfg = Release|Any CPU
		{B0CC5185-4E6C-448B-BB18-759617FB724A}.Release|Any CPU.Build.0 = Release|Any CPU
	EndGlobalSection
	GlobalSection(SolutionProperties) = preSolution
		HideSolutionNode = FALSE
	EndGlobalSection
	GlobalSection(ExtensibilityGlobals) = postSolution
		SolutionGuid = {43F4D200-9ACF-4EBA-924F-800114ABF61D}
	EndGlobalSection
EndGlobal
